# This file is automatically @generated by Cargo.
# It is not intended for manual editing.
version = 4

[[package]]
name = "client"
version = "0.1.0"
dependencies = [
 "net",
 "render",
 "sim",
]

[[package]]
name = "net"
version = "0.1.0"

[[package]]
name = "render"
version = "0.1.0"
dependencies = [
 "sim",
]

[[package]]
name = "server"
version = "0.1.0"
dependencies = [
 "net",
 "sim",
]

[[package]]
name = "sim"
version = "0.1.0"
